
Microsoft Visual Studio Solution File, Format Version 11.00
# Visual Studio 2010
Project("{8BC9CEB8-8B4A-11D0-8D11-00A0C91BC942}") = "Surf", "Surf\Surf.vcxproj", "{98AA1D7B-CB20-47AA-819A-7E59D8619428}"
EndProject
Global
	GlobalSection(SolutionConfigurationPlatforms) = preSolution
		Debug|Win32 = Debug|Win32
		Release|Win32 = Release|Win32
	EndGlobalSection
	GlobalSection(ProjectConfigurationPlatforms) = postSolution
		{98AA1D7B-CB20-47AA-819A-7E59D8619428}.Debug|Win32.ActiveCfg = Debug|Win32
		{98AA1D7B-CB20-47AA-819A-7E59D8619428}.Debug|Win32.Build.0 = Debug|Win32
		{98AA1D7B-CB20-47AA-819A-7E59D8619428}.Release|Win32.ActiveCfg = Release|Win32
		{98AA1D7B-CB20-47AA-819A-7E59D8619428}.Release|Win32.Build.0 = Release|Win32
	EndGlobalSection
	GlobalSection(SolutionProperties) = preSolution
		HideSolutionNode = FALSE
	EndGlobalSection
EndGlobal
